// !$*UTF8*$!
{
	archiveVersion = 1;
	classes = {
	};
	objectVersion = 46;
	objects = {

/* Begin PBXBuildFile section */
		0D2076501EC88A2600D064AD /* Shaders.metal in Sources */ = {isa = PBXBuildFile; fileRef = 0D20764D1EC88A2600D064AD /* Shaders.metal */; };
		0D2076511EC88A2600D064AD /* WXMetalView.m in Sources */ = {isa = PBXBuildFile; fileRef = 0D20764F1EC88A2600D064AD /* WXMetalView.m */; };
		0D7CEC3E1EC888CC00258D20 /* main.m in Sources */ = {isa = PBXBuildFile; fileRef = 0D7CEC3D1EC888CC00258D20 /* main.m */; };
		0D7CEC411EC888CC00258D20 /* AppDelegate.m in Sources */ = {isa = PBXBuildFile; fileRef = 0D7CEC401EC888CC00258D20 /* AppDelegate.m */; };
		0D7CEC441EC888CC00258D20 /* ViewController.m in Sources */ = {isa = PBXBuildFile; fileRef = 0D7CEC431EC888CC00258D20 /* ViewController.m */; };
		0D7CEC471EC888CC00258D20 /* Main.storyboard in Resources */ = {isa = PBXBuildFile; fileRef = 0D7CEC451EC888CC00258D20 /* Main.storyboard */; };
		0D7CEC491EC888CC00258D20 /* Assets.xcassets in Resources */ = {isa = PBXBuildFile; fileRef = 0D7CEC481EC888CC00258D20 /* Assets.xcassets */; };
		0D7CEC4C1EC888CC00258D20 /* LaunchScreen.storyboard in Resources */ = {isa = PBXBuildFile; fileRef = 0D7CEC4A1EC888CC00258D20 /* LaunchScreen.storyboard */; };
/* End PBXBuildFile section */

/* Begin PBXFileReference section */
		0D20764D1EC88A2600D064AD /* Shaders.metal */ = {isa = PBXFileReference; fileEncoding = 4; lastKnownFileType = sourcecode.metal; path = Shaders.metal; sourceTree = "<group>"; };
		0D20764E1EC88A2600D064AD /* WXMetalView.h */ = {isa = PBXFileReference; fileEncoding = 4; lastKnownFileType = sourcecode.c.h; path = WXMetalView.h; sourceTree = "<group>"; };
		0D20764F1EC88A2600D064AD /* WXMetalView.m */ = {isa = PBXFileReference; fileEncoding = 4; lastKnownFileType = sourcecode.c.objc; path = WXMetalView.m; sourceTree = "<group>"; };
		0D7CEC391EC888CC00258D20 /* 03-DrawingIn2D.app */ = {isa = PBXFileReference; explicitFileType = wrapper.application; includeInIndex = 0; path = "03-DrawingIn2D.app"; sourceTree = BUILT_PRODUCTS_DIR; };
		0D7CEC3D1EC888CC00258D20 /* main.m */ = {isa = PBXFileReference; lastKnownFileType = sourcecode.c.objc; path = main.m; sourceTree = "<group>"; };
		0D7CEC3F1EC888CC00258D20 /* AppDelegate.h */ = {isa = PBXFileReference; lastKnownFileType = sourcecode.c.h; path = AppDelegate.h; sourceTree = "<group>"; };
		0D7CEC401EC888CC00258D20 /* AppDelegate.m */ = {isa = PBXFileReference; lastKnownFileType = sourcecode.c.objc; path = AppDelegate.m; sourceTree = "<group>"; };
		0D7CEC421EC888CC00258D20 /* ViewController.h */ = {isa = PBXFileReference; lastKnownFileType = sourcecode.c.h; path = ViewController.h; sourceTree = "<group>"; };
		0D7CEC431EC888CC00258D20 /* ViewController.m */ = {isa = PBXFileReference; lastKnownFileType = sourcecode.c.objc; path = ViewController.m; sourceTree = "<group>"; };
		0D7CEC461EC888CC00258D20 /* Base */ = {isa = PBXFileReference; lastKnownFileType = file.storyboard; name = Base; path = Base.lproj/Main.storyboard; sourceTree = "<group>"; };
		0D7CEC481EC888CC00258D20 /* Assets.xcassets */ = {isa = PBXFileReference; lastKnownFileType = folder.assetcatalog; path = Assets.xcassets; sourceTree = "<group>"; };
		0D7CEC4B1EC888CC00258D20 /* Base */ = {isa = PBXFileReference; lastKnownFileType = file.storyboard; name = Base; path = Base.lproj/LaunchScreen.storyboard; sourceTree = "<group>"; };
		0D7CEC4D1EC888CC00258D20 /* Info.plist */ = {isa = PBXFileReference; lastKnownFileType = text.plist.xml; path = Info.plist; sourceTree = "<group>"; };
/* End PBXFileReference section */

/* Begin PBXFrameworksBuildPhase section */
		0D7CEC361EC888CC00258D20 /* Frameworks */ = {
			isa = PBXFrameworksBuildPhase;
			buildActionMask = 2147483647;
			files = (
			);
			runOnlyForDeploymentPostprocessing = 0;
		};
/* End PBXFrameworksBuildPhase section */

/* Begin PBXGroup section */
		0D7CEC301EC888CC00258D20 = {
			isa = PBXGroup;
			children = (
				0D7CEC3B1EC888CC00258D20 /* 03-DrawingIn2D */,
				0D7CEC3A1EC888CC00258D20 /* Products */,
			);
			sourceTree = "<group>";
		};
		0D7CEC3A1EC888CC00258D20 /* Products */ = {
			isa = PBXGroup;
			children = (
				0D7CEC391EC888CC00258D20 /* 03-DrawingIn2D.app */,
			);
			name = Products;
			sourceTree = "<group>";
		};
		0D7CEC3B1EC888CC00258D20 /* 03-DrawingIn2D */ = {
			isa = PBXGroup;
			children = (
				0D20764D1EC88A2600D064AD /* Shaders.metal */,
				0D20764E1EC88A2600D064AD /* WXMetalView.h */,
				0D20764F1EC88A2600D064AD /* WXMetalView.m */,
				0D7CEC3F1EC888CC00258D20 /* AppDelegate.h */,
				0D7CEC401EC888CC00258D20 /* AppDelegate.m */,
				0D7CEC421EC888CC00258D20 /* ViewController.h */,
				0D7CEC431EC888CC00258D20 /* ViewController.m */,
				0D7CEC451EC888CC00258D20 /* Main.storyboard */,
				0D7CEC481EC888CC00258D20 /* Assets.xcassets */,
				0D7CEC4A1EC888CC00258D20 /* LaunchScreen.storyboard */,
				0D7CEC4D1EC888CC00258D20 /* Info.plist */,
				0D7CEC3C1EC888CC00258D20 /* Supporting Files */,
			);
			path = "03-DrawingIn2D";
			sourceTree = "<group>";
		};
		0D7CEC3C1EC888CC00258D20 /* Supporting Files */ = {
			isa = PBXGroup;
			children = (
				0D7CEC3D1EC888CC00258D20 /* main.m */,
			);
			name = "Supporting Files";
			sourceTree = "<group>";
		};
/* End PBXGroup section */

/* Begin PBXNativeTarget section */
		0D7CEC381EC888CC00258D20 /* 03-DrawingIn2D */ = {
			isa = PBXNativeTarget;
			buildConfigurationList = 0D7CEC501EC888CC00258D20 /* Build configuration list for PBXNativeTarget "03-DrawingIn2D" */;
			buildPhases = (
				0D7CEC351EC888CC00258D20 /* Sources */,
				0D7CEC361EC888CC00258D20 /* Frameworks */,
				0D7CEC371EC888CC00258D20 /* Resources */,
			);
			buildRules = (
			);
			dependencies = (
			);
			name = "03-DrawingIn2D";
			productName = "03-DrawingIn2D";
			productReference = 0D7CEC391EC888CC00258D20 /* 03-DrawingIn2D.app */;
			productType = "com.apple.product-type.application";
		};
/* End PBXNativeTarget section */

/* Begin PBXProject section */
		0D7CEC311EC888CC00258D20 /* Project object */ = {
			isa = PBXProject;
			attributes = {
				LastUpgradeCheck = 0830;
				ORGANIZATIONNAME = williamxie;
				TargetAttributes = {
					0D7CEC381EC888CC00258D20 = {
						CreatedOnToolsVersion = 8.3.2;
						DevelopmentTeam = 5NK9C68KNK;
						ProvisioningStyle = Automatic;
					};
				};
			};
			buildConfigurationList = 0D7CEC341EC888CC00258D20 /* Build configuration list for PBXProject "03-DrawingIn2D" */;
			compatibilityVersion = "Xcode 3.2";
			developmentRegion = English;
			hasScannedForEncodings = 0;
			knownRegions = (
				en,
				Base,
			);
			mainGroup = 0D7CEC301EC888CC00258D20;
			productRefGroup = 0D7CEC3A1EC888CC00258D20 /* Products */;
			projectDirPath = "";
			projectRoot = "";
			targets = (
				0D7CEC381EC888CC00258D20 /* 03-DrawingIn2D */,
			);
		};
/* End PBXProject section */

/* Begin PBXResourcesBuildPhase section */
		0D7CEC371EC888CC00258D20 /* Resources */ = {
			isa = PBXResourcesBuildPhase;
			buildActionMask = 2147483647;
			files = (
				0D7CEC4C1EC888CC00258D20 /* LaunchScreen.storyboard in Resources */,
				0D7CEC491EC888CC00258D20 /* Assets.xcassets in Resources */,
				0D7CEC471EC888CC00258D20 /* Main.storyboard in Resources */,
			);
			runOnlyForDeploymentPostprocessing = 0;
		};
/* End PBXResourcesBuildPhase section */

/* Begin PBXSourcesBuildPhase section */
		0D7CEC351EC888CC00258D20 /* Sources */ = {
			isa = PBXSourcesBuildPhase;
			buildActionMask = 2147483647;
			files = (
				0D2076501EC88A2600D064AD /* Shaders.metal in Sources */,
				0D7CEC441EC888CC00258D20 /* ViewController.m in Sources */,
				0D2076511EC88A2600D064AD /* WXMetalView.m in Sources */,
				0D7CEC411EC888CC00258D20 /* AppDelegate.m in Sources */,
				0D7CEC3E1EC888CC00258D20 /* main.m in Sources */,
			);
			runOnlyForDeploymentPostprocessing = 0;
		};
/* End PBXSourcesBuildPhase section */

/* Begin PBXVariantGroup section */
		0D7CEC451EC888CC00258D20 /* Main.storyboard */ = {
			isa = PBXVariantGroup;
			children = (
				0D7CEC461EC888CC00258D20 /* Base */,
			);
			name = Main.storyboard;
			sourceTree = "<group>";
		};
		0D7CEC4A1EC888CC00258D20 /* LaunchScreen.storyboard */ = {
			isa = PBXVariantGroup;
			children = (
				0D7CEC4B1EC888CC00258D20 /* Base */,
			);
			name = LaunchScreen.storyboard;
			sourceTree = "<group>";
		};
/* End PBXVariantGroup section */

/* Begin XCBuildConfiguration section */
		0D7CEC4E1EC888CC00258D20 /* Debug */ = {
			isa = XCBuildConfiguration;
			buildSettings = {
				ALWAYS_SEARCH_USER_PATHS = NO;
				CLANG_ANALYZER_NONNULL = YES;
				CLANG_ANALYZER_NUMBER_OBJECT_CONVERSION = YES_AGGRESSIVE;
				CLANG_CXX_LANGUAGE_STANDARD = "gnu++0x";
				CLANG_CXX_LIBRARY = "libc++";
				CLANG_ENABLE_MODULES = YES;
				CLANG_ENABLE_OBJC_ARC = YES;
				CLANG_WARN_BOOL_CONVERSION = YES;
				CLANG_WARN_CONSTANT_CONVERSION = YES;
				CLANG_WARN_DIRECT_OBJC_ISA_USAGE = YES_ERROR;
				CLANG_WARN_DOCUMENTATION_COMMENTS = YES;
				CLANG_WARN_EMPTY_BODY = YES;
				CLANG_WARN_ENUM_CONVERSION = YES;
				CLANG_WARN_INFINITE_RECURSION = YES;
				CLANG_WARN_INT_CONVERSION = YES;
				CLANG_WARN_OBJC_ROOT_CLASS = YES_ERROR;
				CLANG_WARN_SUSPICIOUS_MOVE = YES;
				CLANG_WARN_UNREACHABLE_CODE = YES;
				CLANG_WARN__DUPLICATE_METHOD_MATCH = YES;
				"CODE_SIGN_IDENTITY[sdk=iphoneos*]" = "iPhone Developer";
				COPY_PHASE_STRIP = NO;
				DEBUG_INFORMATION_FORMAT = dwarf;
				ENABLE_STRICT_OBJC_MSGSEND = YES;
				ENABLE_TESTABILITY = YES;
				GCC_C_LANGUAGE_STANDARD = gnu99;
				GCC_DYNAMIC_NO_PIC = NO;
				GCC_NO_COMMON_BLOCKS = YES;
				GCC_OPTIMIZATION_LEVEL = 0;
				GCC_PREPROCESSOR_DEFINITIONS = (
					"DEBUG=1",
					"$(inherited)",
				);
				GCC_WARN_64_TO_32_BIT_CONVERSION = YES;
				GCC_WARN_ABOUT_RETURN_TYPE = YES_ERROR;
				GCC_WARN_UNDECLARED_SELECTOR = YES;
				GCC_WARN_UNINITIALIZED_AUTOS = YES_AGGRESSIVE;
				GCC_WARN_UNUSED_FUNCTION = YES;
				GCC_WARN_UNUSED_VARIABLE = YES;
				IPHONEOS_DEPLOYMENT_TARGET = 10.3;
				MTL_ENABLE_DEBUG_INFO = YES;
				ONLY_ACTIVE_ARCH = YES;
				SDKROOT = iphoneos;
				TARGETED_DEVICE_FAMILY = "1,2";
			};
			name = Debug;
		};
		0D7CEC4F1EC888CC00258D20 /* Release */ = {
			isa = XCBuildConfiguration;
			buildSettings = {
				ALWAYS_SEARCH_USER_PATHS = NO;
				CLANG_ANALYZER_NONNULL = YES;
				CLANG_ANALYZER_NUMBER_OBJECT_CONVERSION = YES_AGGRESSIVE;
				CLANG_CXX_LANGUAGE_STANDARD = "gnu++0x";
				CLANG_CXX_LIBRARY = "libc++";
				CLANG_ENABLE_MODULES = YES;
				CLANG_ENABLE_OBJC_ARC = YES;
				CLANG_WARN_BOOL_CONVERSION = YES;
				CLANG_WARN_CONSTANT_CONVERSION = YES;
				CLANG_WARN_DIRECT_OBJC_ISA_USAGE = YES_ERROR;
				CLANG_WARN_DOCUMENTATION_COMMENTS = YES;
				CLANG_WARN_EMPTY_BODY = YES;
				CLANG_WARN_ENUM_CONVERSION = YES;
				CLANG_WARN_INFINITE_RECURSION = YES;
				CLANG_WARN_INT_CONVERSION = YES;
				CLANG_WARN_OBJC_ROOT_CLASS = YES_ERROR;
				CLANG_WARN_SUSPICIOUS_MOVE = YES;
				CLANG_WARN_UNREACHABLE_CODE = YES;
				CLANG_WARN__DUPLICATE_METHOD_MATCH = YES;
				"CODE_SIGN_IDENTITY[sdk=iphoneos*]" = "iPhone Developer";
				COPY_PHASE_STRIP = NO;
				DEBUG_INFORMATION_FORMAT = "dwarf-with-dsym";
				ENABLE_NS_ASSERTIONS = NO;
				ENABLE_STRICT_OBJC_MSGSEND = YES;
				GCC_C_LANGUAGE_STANDARD = gnu99;
				GCC_NO_COMMON_BLOCKS = YES;
				GCC_WARN_64_TO_32_BIT_CONVERSION = YES;
				GCC_WARN_ABOUT_RETURN_TYPE = YES_ERROR;
				GCC_WARN_UNDECLARED_SELECTOR = YES;
				GCC_WARN_UNINITIALIZED_AUTOS = YES_AGGRESSIVE;
				GCC_WARN_UNUSED_FUNCTION = YES;
				GCC_WARN_UNUSED_VARIABLE = YES;
				IPHONEOS_DEPLOYMENT_TARGET = 10.3;
				MTL_ENABLE_DEBUG_INFO = NO;
				SDKROOT = iphoneos;
				TARGETED_DEVICE_FAMILY = "1,2";
				VALIDATE_PRODUCT = YES;
			};
			name = Release;
		};
		0D7CEC511EC888CC00258D20 /* Debug */ = {
			isa = XCBuildConfiguration;
			buildSettings = {
				ASSETCATALOG_COMPILER_APPICON_NAME = AppIcon;
				DEVELOPMENT_TEAM = 5NK9C68KNK;
				INFOPLIST_FILE = "03-DrawingIn2D/Info.plist";
				LD_RUNPATH_SEARCH_PATHS = "$(inherited) @executable_path/Frameworks";
				PRODUCT_BUNDLE_IDENTIFIER = "konekti-ai.com.-3-DrawingIn2D";
				PRODUCT_NAME = "$(TARGET_NAME)";
			};
			name = Debug;
		};
		0D7CEC521EC888CC00258D20 /* Release */ = {
			isa = XCBuildConfiguration;
			buildSettings = {
				ASSETCATALOG_COMPILER_APPICON_NAME = AppIcon;
				DEVELOPMENT_TEAM = 5NK9C68KNK;
				INFOPLIST_FILE = "03-DrawingIn2D/Info.plist";
				LD_RUNPATH_SEARCH_PATHS = "$(inherited) @executable_path/Frameworks";
				PRODUCT_BUNDLE_IDENTIFIER = "konekti-ai.com.-3-DrawingIn2D";
				PRODUCT_NAME = "$(TARGET_NAME)";
			};
			name = Release;
		};
/* End XCBuildConfiguration section */

/* Begin XCConfigurationList section */
		0D7CEC341EC888CC00258D20 /* Build configuration list for PBXProject "03-DrawingIn2D" */ = {
			isa = XCConfigurationList;
			buildConfigurations = (
				0D7CEC4E1EC888CC00258D20 /* Debug */,
				0D7CEC4F1EC888CC00258D20 /* Release */,
			);
			defaultConfigurationIsVisible = 0;
			defaultConfigurationName = Release;
		};
		0D7CEC501EC888CC00258D20 /* Build configuration list for PBXNativeTarget "03-DrawingIn2D" */ = {
			isa = XCConfigurationList;
			buildConfigurations = (
				0D7CEC511EC888CC00258D20 /* Debug */,
				0D7CEC521EC888CC00258D20 /* Release */,
			);
			defaultConfigurationIsVisible = 0;
			defaultConfigurationName = Release;
		};
/* End XCConfigurationList section */
	};
	rootObject = 0D7CEC311EC888CC00258D20 /* Project object */;
}
