// !$*UTF8*$!
{
	archiveVersion = 1;
	classes = {
	};
	objectVersion = 46;
	objects = {

/* Begin PBXBuildFile section */
		0D0952621EC887CF00F2127D /* main.m in Sources */ = {isa = PBXBuildFile; fileRef = 0D0952611EC887CF00F2127D /* main.m */; };
		0D0952651EC887CF00F2127D /* AppDelegate.m in Sources */ = {isa = PBXBuildFile; fileRef = 0D0952641EC887CF00F2127D /* AppDelegate.m */; };
		0D0952681EC887CF00F2127D /* ViewController.m in Sources */ = {isa = PBXBuildFile; fileRef = 0D0952671EC887CF00F2127D /* ViewController.m */; };
		0D09526B1EC887CF00F2127D /* Main.storyboard in Resources */ = {isa = PBXBuildFile; fileRef = 0D0952691EC887CF00F2127D /* Main.storyboard */; };
		0D09526D1EC887CF00F2127D /* Assets.xcassets in Resources */ = {isa = PBXBuildFile; fileRef = 0D09526C1EC887CF00F2127D /* Assets.xcassets */; };
		0D0952701EC887CF00F2127D /* LaunchScreen.storyboard in Resources */ = {isa = PBXBuildFile; fileRef = 0D09526E1EC887CF00F2127D /* LaunchScreen.storyboard */; };
		0D2695221EC9738200DE7508 /* Shaders.metal in Sources */ = {isa = PBXBuildFile; fileRef = 0D26951F1EC9738200DE7508 /* Shaders.metal */; };
		0D2695231EC9738200DE7508 /* WXMetalView.m in Sources */ = {isa = PBXBuildFile; fileRef = 0D2695211EC9738200DE7508 /* WXMetalView.m */; };
		0D9228F01EE5167C003FC4AC /* WXMathUItilties.m in Sources */ = {isa = PBXBuildFile; fileRef = 0D9228EF1EE5167C003FC4AC /* WXMathUItilties.m */; };
		0DC2AF2E1EE3F35900C88158 /* WXRenderer.m in Sources */ = {isa = PBXBuildFile; fileRef = 0DC2AF2D1EE3F35900C88158 /* WXRenderer.m */; };
/* End PBXBuildFile section */

/* Begin PBXFileReference section */
		0D09525D1EC887CF00F2127D /* 04-DrawingIn3D.app */ = {isa = PBXFileReference; explicitFileType = wrapper.application; includeInIndex = 0; path = "04-DrawingIn3D.app"; sourceTree = BUILT_PRODUCTS_DIR; };
		0D0952611EC887CF00F2127D /* main.m */ = {isa = PBXFileReference; lastKnownFileType = sourcecode.c.objc; path = main.m; sourceTree = "<group>"; };
		0D0952631EC887CF00F2127D /* AppDelegate.h */ = {isa = PBXFileReference; lastKnownFileType = sourcecode.c.h; path = AppDelegate.h; sourceTree = "<group>"; };
		0D0952641EC887CF00F2127D /* AppDelegate.m */ = {isa = PBXFileReference; lastKnownFileType = sourcecode.c.objc; path = AppDelegate.m; sourceTree = "<group>"; };
		0D0952661EC887CF00F2127D /* ViewController.h */ = {isa = PBXFileReference; lastKnownFileType = sourcecode.c.h; path = ViewController.h; sourceTree = "<group>"; };
		0D0952671EC887CF00F2127D /* ViewController.m */ = {isa = PBXFileReference; lastKnownFileType = sourcecode.c.objc; path = ViewController.m; sourceTree = "<group>"; };
		0D09526A1EC887CF00F2127D /* Base */ = {isa = PBXFileReference; lastKnownFileType = file.storyboard; name = Base; path = Base.lproj/Main.storyboard; sourceTree = "<group>"; };
		0D09526C1EC887CF00F2127D /* Assets.xcassets */ = {isa = PBXFileReference; lastKnownFileType = folder.assetcatalog; path = Assets.xcassets; sourceTree = "<group>"; };
		0D09526F1EC887CF00F2127D /* Base */ = {isa = PBXFileReference; lastKnownFileType = file.storyboard; name = Base; path = Base.lproj/LaunchScreen.storyboard; sourceTree = "<group>"; };
		0D0952711EC887CF00F2127D /* Info.plist */ = {isa = PBXFileReference; lastKnownFileType = text.plist.xml; path = Info.plist; sourceTree = "<group>"; };
		0D26951F1EC9738200DE7508 /* Shaders.metal */ = {isa = PBXFileReference; fileEncoding = 4; lastKnownFileType = sourcecode.metal; path = Shaders.metal; sourceTree = "<group>"; };
		0D2695201EC9738200DE7508 /* WXMetalView.h */ = {isa = PBXFileReference; fileEncoding = 4; lastKnownFileType = sourcecode.c.h; path = WXMetalView.h; sourceTree = "<group>"; };
		0D2695211EC9738200DE7508 /* WXMetalView.m */ = {isa = PBXFileReference; fileEncoding = 4; lastKnownFileType = sourcecode.c.objc; path = WXMetalView.m; sourceTree = "<group>"; };
		0D9228EE1EE5167B003FC4AC /* WXMathUItilties.h */ = {isa = PBXFileReference; fileEncoding = 4; lastKnownFileType = sourcecode.c.h; path = WXMathUItilties.h; sourceTree = "<group>"; };
		0D9228EF1EE5167C003FC4AC /* WXMathUItilties.m */ = {isa = PBXFileReference; fileEncoding = 4; lastKnownFileType = sourcecode.c.objc; path = WXMathUItilties.m; sourceTree = "<group>"; };
		0DC2AF2C1EE3F35900C88158 /* WXRenderer.h */ = {isa = PBXFileReference; fileEncoding = 4; lastKnownFileType = sourcecode.c.h; path = WXRenderer.h; sourceTree = "<group>"; };
		0DC2AF2D1EE3F35900C88158 /* WXRenderer.m */ = {isa = PBXFileReference; fileEncoding = 4; lastKnownFileType = sourcecode.c.objc; path = WXRenderer.m; sourceTree = "<group>"; };
/* End PBXFileReference section */

/* Begin PBXFrameworksBuildPhase section */
		0D09525A1EC887CF00F2127D /* Frameworks */ = {
			isa = PBXFrameworksBuildPhase;
			buildActionMask = 2147483647;
			files = (
			);
			runOnlyForDeploymentPostprocessing = 0;
		};
/* End PBXFrameworksBuildPhase section */

/* Begin PBXGroup section */
		0D0952541EC887CF00F2127D = {
			isa = PBXGroup;
			children = (
				0D09525F1EC887CF00F2127D /* 04-DrawingIn3D */,
				0D09525E1EC887CF00F2127D /* Products */,
			);
			sourceTree = "<group>";
		};
		0D09525E1EC887CF00F2127D /* Products */ = {
			isa = PBXGroup;
			children = (
				0D09525D1EC887CF00F2127D /* 04-DrawingIn3D.app */,
			);
			name = Products;
			sourceTree = "<group>";
		};
		0D09525F1EC887CF00F2127D /* 04-DrawingIn3D */ = {
			isa = PBXGroup;
			children = (
				0D26951F1EC9738200DE7508 /* Shaders.metal */,
				0D2695201EC9738200DE7508 /* WXMetalView.h */,
				0D2695211EC9738200DE7508 /* WXMetalView.m */,
				0DC2AF2C1EE3F35900C88158 /* WXRenderer.h */,
				0DC2AF2D1EE3F35900C88158 /* WXRenderer.m */,
				0D0952631EC887CF00F2127D /* AppDelegate.h */,
				0D0952641EC887CF00F2127D /* AppDelegate.m */,
				0D0952661EC887CF00F2127D /* ViewController.h */,
				0D0952671EC887CF00F2127D /* ViewController.m */,
				0D0952691EC887CF00F2127D /* Main.storyboard */,
				0D09526C1EC887CF00F2127D /* Assets.xcassets */,
				0D09526E1EC887CF00F2127D /* LaunchScreen.storyboard */,
				0D0952711EC887CF00F2127D /* Info.plist */,
				0D0952601EC887CF00F2127D /* Supporting Files */,
				0D9228EE1EE5167B003FC4AC /* WXMathUItilties.h */,
				0D9228EF1EE5167C003FC4AC /* WXMathUItilties.m */,
			);
			path = "04-DrawingIn3D";
			sourceTree = "<group>";
		};
		0D0952601EC887CF00F2127D /* Supporting Files */ = {
			isa = PBXGroup;
			children = (
				0D0952611EC887CF00F2127D /* main.m */,
			);
			name = "Supporting Files";
			sourceTree = "<group>";
		};
/* End PBXGroup section */

/* Begin PBXNativeTarget section */
		0D09525C1EC887CF00F2127D /* 04-DrawingIn3D */ = {
			isa = PBXNativeTarget;
			buildConfigurationList = 0D0952741EC887CF00F2127D /* Build configuration list for PBXNativeTarget "04-DrawingIn3D" */;
			buildPhases = (
				0D0952591EC887CF00F2127D /* Sources */,
				0D09525A1EC887CF00F2127D /* Frameworks */,
				0D09525B1EC887CF00F2127D /* Resources */,
			);
			buildRules = (
			);
			dependencies = (
			);
			name = "04-DrawingIn3D";
			productName = "04-DrawingIn3D";
			productReference = 0D09525D1EC887CF00F2127D /* 04-DrawingIn3D.app */;
			productType = "com.apple.product-type.application";
		};
/* End PBXNativeTarget section */

/* Begin PBXProject section */
		0D0952551EC887CF00F2127D /* Project object */ = {
			isa = PBXProject;
			attributes = {
				LastUpgradeCheck = 0830;
				ORGANIZATIONNAME = williamxie;
				TargetAttributes = {
					0D09525C1EC887CF00F2127D = {
						CreatedOnToolsVersion = 8.3.2;
						DevelopmentTeam = 5NK9C68KNK;
						ProvisioningStyle = Automatic;
					};
				};
			};
			buildConfigurationList = 0D0952581EC887CF00F2127D /* Build configuration list for PBXProject "04-DrawingIn3D" */;
			compatibilityVersion = "Xcode 3.2";
			developmentRegion = English;
			hasScannedForEncodings = 0;
			knownRegions = (
				en,
				Base,
			);
			mainGroup = 0D0952541EC887CF00F2127D;
			productRefGroup = 0D09525E1EC887CF00F2127D /* Products */;
			projectDirPath = "";
			projectRoot = "";
			targets = (
				0D09525C1EC887CF00F2127D /* 04-DrawingIn3D */,
			);
		};
/* End PBXProject section */

/* Begin PBXResourcesBuildPhase section */
		0D09525B1EC887CF00F2127D /* Resources */ = {
			isa = PBXResourcesBuildPhase;
			buildActionMask = 2147483647;
			files = (
				0D0952701EC887CF00F2127D /* LaunchScreen.storyboard in Resources */,
				0D09526D1EC887CF00F2127D /* Assets.xcassets in Resources */,
				0D09526B1EC887CF00F2127D /* Main.storyboard in Resources */,
			);
			runOnlyForDeploymentPostprocessing = 0;
		};
/* End PBXResourcesBuildPhase section */

/* Begin PBXSourcesBuildPhase section */
		0D0952591EC887CF00F2127D /* Sources */ = {
			isa = PBXSourcesBuildPhase;
			buildActionMask = 2147483647;
			files = (
				0D2695221EC9738200DE7508 /* Shaders.metal in Sources */,
				0DC2AF2E1EE3F35900C88158 /* WXRenderer.m in Sources */,
				0D9228F01EE5167C003FC4AC /* WXMathUItilties.m in Sources */,
				0D0952681EC887CF00F2127D /* ViewController.m in Sources */,
				0D2695231EC9738200DE7508 /* WXMetalView.m in Sources */,
				0D0952651EC887CF00F2127D /* AppDelegate.m in Sources */,
				0D0952621EC887CF00F2127D /* main.m in Sources */,
			);
			runOnlyForDeploymentPostprocessing = 0;
		};
/* End PBXSourcesBuildPhase section */

/* Begin PBXVariantGroup section */
		0D0952691EC887CF00F2127D /* Main.storyboard */ = {
			isa = PBXVariantGroup;
			children = (
				0D09526A1EC887CF00F2127D /* Base */,
			);
			name = Main.storyboard;
			sourceTree = "<group>";
		};
		0D09526E1EC887CF00F2127D /* LaunchScreen.storyboard */ = {
			isa = PBXVariantGroup;
			children = (
				0D09526F1EC887CF00F2127D /* Base */,
			);
			name = LaunchScreen.storyboard;
			sourceTree = "<group>";
		};
/* End PBXVariantGroup section */

/* Begin XCBuildConfiguration section */
		0D0952721EC887CF00F2127D /* Debug */ = {
			isa = XCBuildConfiguration;
			buildSettings = {
				ALWAYS_SEARCH_USER_PATHS = NO;
				CLANG_ANALYZER_NONNULL = YES;
				CLANG_ANALYZER_NUMBER_OBJECT_CONVERSION = YES_AGGRESSIVE;
				CLANG_CXX_LANGUAGE_STANDARD = "gnu++0x";
				CLANG_CXX_LIBRARY = "libc++";
				CLANG_ENABLE_MODULES = YES;
				CLANG_ENABLE_OBJC_ARC = YES;
				CLANG_WARN_BOOL_CONVERSION = YES;
				CLANG_WARN_CONSTANT_CONVERSION = YES;
				CLANG_WARN_DIRECT_OBJC_ISA_USAGE = YES_ERROR;
				CLANG_WARN_DOCUMENTATION_COMMENTS = YES;
				CLANG_WARN_EMPTY_BODY = YES;
				CLANG_WARN_ENUM_CONVERSION = YES;
				CLANG_WARN_INFINITE_RECURSION = YES;
				CLANG_WARN_INT_CONVERSION = YES;
				CLANG_WARN_OBJC_ROOT_CLASS = YES_ERROR;
				CLANG_WARN_SUSPICIOUS_MOVE = YES;
				CLANG_WARN_UNREACHABLE_CODE = YES;
				CLANG_WARN__DUPLICATE_METHOD_MATCH = YES;
				"CODE_SIGN_IDENTITY[sdk=iphoneos*]" = "iPhone Developer";
				COPY_PHASE_STRIP = NO;
				DEBUG_INFORMATION_FORMAT = dwarf;
				ENABLE_STRICT_OBJC_MSGSEND = YES;
				ENABLE_TESTABILITY = YES;
				GCC_C_LANGUAGE_STANDARD = gnu99;
				GCC_DYNAMIC_NO_PIC = NO;
				GCC_NO_COMMON_BLOCKS = YES;
				GCC_OPTIMIZATION_LEVEL = 0;
				GCC_PREPROCESSOR_DEFINITIONS = (
					"DEBUG=1",
					"$(inherited)",
				);
				GCC_WARN_64_TO_32_BIT_CONVERSION = YES;
				GCC_WARN_ABOUT_RETURN_TYPE = YES_ERROR;
				GCC_WARN_UNDECLARED_SELECTOR = YES;
				GCC_WARN_UNINITIALIZED_AUTOS = YES_AGGRESSIVE;
				GCC_WARN_UNUSED_FUNCTION = YES;
				GCC_WARN_UNUSED_VARIABLE = YES;
				IPHONEOS_DEPLOYMENT_TARGET = 10.3;
				MTL_ENABLE_DEBUG_INFO = YES;
				ONLY_ACTIVE_ARCH = YES;
				SDKROOT = iphoneos;
				TARGETED_DEVICE_FAMILY = "1,2";
			};
			name = Debug;
		};
		0D0952731EC887CF00F2127D /* Release */ = {
			isa = XCBuildConfiguration;
			buildSettings = {
				ALWAYS_SEARCH_USER_PATHS = NO;
				CLANG_ANALYZER_NONNULL = YES;
				CLANG_ANALYZER_NUMBER_OBJECT_CONVERSION = YES_AGGRESSIVE;
				CLANG_CXX_LANGUAGE_STANDARD = "gnu++0x";
				CLANG_CXX_LIBRARY = "libc++";
				CLANG_ENABLE_MODULES = YES;
				CLANG_ENABLE_OBJC_ARC = YES;
				CLANG_WARN_BOOL_CONVERSION = YES;
				CLANG_WARN_CONSTANT_CONVERSION = YES;
				CLANG_WARN_DIRECT_OBJC_ISA_USAGE = YES_ERROR;
				CLANG_WARN_DOCUMENTATION_COMMENTS = YES;
				CLANG_WARN_EMPTY_BODY = YES;
				CLANG_WARN_ENUM_CONVERSION = YES;
				CLANG_WARN_INFINITE_RECURSION = YES;
				CLANG_WARN_INT_CONVERSION = YES;
				CLANG_WARN_OBJC_ROOT_CLASS = YES_ERROR;
				CLANG_WARN_SUSPICIOUS_MOVE = YES;
				CLANG_WARN_UNREACHABLE_CODE = YES;
				CLANG_WARN__DUPLICATE_METHOD_MATCH = YES;
				"CODE_SIGN_IDENTITY[sdk=iphoneos*]" = "iPhone Developer";
				COPY_PHASE_STRIP = NO;
				DEBUG_INFORMATION_FORMAT = "dwarf-with-dsym";
				ENABLE_NS_ASSERTIONS = NO;
				ENABLE_STRICT_OBJC_MSGSEND = YES;
				GCC_C_LANGUAGE_STANDARD = gnu99;
				GCC_NO_COMMON_BLOCKS = YES;
				GCC_WARN_64_TO_32_BIT_CONVERSION = YES;
				GCC_WARN_ABOUT_RETURN_TYPE = YES_ERROR;
				GCC_WARN_UNDECLARED_SELECTOR = YES;
				GCC_WARN_UNINITIALIZED_AUTOS = YES_AGGRESSIVE;
				GCC_WARN_UNUSED_FUNCTION = YES;
				GCC_WARN_UNUSED_VARIABLE = YES;
				IPHONEOS_DEPLOYMENT_TARGET = 10.3;
				MTL_ENABLE_DEBUG_INFO = NO;
				SDKROOT = iphoneos;
				TARGETED_DEVICE_FAMILY = "1,2";
				VALIDATE_PRODUCT = YES;
			};
			name = Release;
		};
		0D0952751EC887CF00F2127D /* Debug */ = {
			isa = XCBuildConfiguration;
			buildSettings = {
				ASSETCATALOG_COMPILER_APPICON_NAME = AppIcon;
				DEVELOPMENT_TEAM = 5NK9C68KNK;
				INFOPLIST_FILE = "04-DrawingIn3D/Info.plist";
				LD_RUNPATH_SEARCH_PATHS = "$(inherited) @executable_path/Frameworks";
				PRODUCT_BUNDLE_IDENTIFIER = "konekti-ai.com.-4-DrawingIn3D";
				PRODUCT_NAME = "$(TARGET_NAME)";
			};
			name = Debug;
		};
		0D0952761EC887CF00F2127D /* Release */ = {
			isa = XCBuildConfiguration;
			buildSettings = {
				ASSETCATALOG_COMPILER_APPICON_NAME = AppIcon;
				DEVELOPMENT_TEAM = 5NK9C68KNK;
				INFOPLIST_FILE = "04-DrawingIn3D/Info.plist";
				LD_RUNPATH_SEARCH_PATHS = "$(inherited) @executable_path/Frameworks";
				PRODUCT_BUNDLE_IDENTIFIER = "konekti-ai.com.-4-DrawingIn3D";
				PRODUCT_NAME = "$(TARGET_NAME)";
			};
			name = Release;
		};
/* End XCBuildConfiguration section */

/* Begin XCConfigurationList section */
		0D0952581EC887CF00F2127D /* Build configuration list for PBXProject "04-DrawingIn3D" */ = {
			isa = XCConfigurationList;
			buildConfigurations = (
				0D0952721EC887CF00F2127D /* Debug */,
				0D0952731EC887CF00F2127D /* Release */,
			);
			defaultConfigurationIsVisible = 0;
			defaultConfigurationName = Release;
		};
		0D0952741EC887CF00F2127D /* Build configuration list for PBXNativeTarget "04-DrawingIn3D" */ = {
			isa = XCConfigurationList;
			buildConfigurations = (
				0D0952751EC887CF00F2127D /* Debug */,
				0D0952761EC887CF00F2127D /* Release */,
			);
			defaultConfigurationIsVisible = 0;
			defaultConfigurationName = Release;
		};
/* End XCConfigurationList section */
	};
	rootObject = 0D0952551EC887CF00F2127D /* Project object */;
}
