// !$*UTF8*$!
{
	archiveVersion = 1;
	classes = {
	};
	objectVersion = 46;
	objects = {

/* Begin PBXBuildFile section */
		0D1B30001E9E27D30014FB06 /* main.m in Sources */ = {isa = PBXBuildFile; fileRef = 0D1B2FFF1E9E27D30014FB06 /* main.m */; };
		0D1B30031E9E27D30014FB06 /* AppDelegate.m in Sources */ = {isa = PBXBuildFile; fileRef = 0D1B30021E9E27D30014FB06 /* AppDelegate.m */; };
		0D1B30061E9E27D30014FB06 /* ViewController.m in Sources */ = {isa = PBXBuildFile; fileRef = 0D1B30051E9E27D30014FB06 /* ViewController.m */; };
		0D1B30091E9E27D30014FB06 /* Main.storyboard in Resources */ = {isa = PBXBuildFile; fileRef = 0D1B30071E9E27D30014FB06 /* Main.storyboard */; };
		0D1B300B1E9E27D30014FB06 /* Assets.xcassets in Resources */ = {isa = PBXBuildFile; fileRef = 0D1B300A1E9E27D30014FB06 /* Assets.xcassets */; };
		0D1B300E1E9E27D30014FB06 /* LaunchScreen.storyboard in Resources */ = {isa = PBXBuildFile; fileRef = 0D1B300C1E9E27D30014FB06 /* LaunchScreen.storyboard */; };
		0D1B30191E9E27D30014FB06 /* Chapter_1Tests.m in Sources */ = {isa = PBXBuildFile; fileRef = 0D1B30181E9E27D30014FB06 /* Chapter_1Tests.m */; };
		0D1B30241E9E27D30014FB06 /* Chapter_1UITests.m in Sources */ = {isa = PBXBuildFile; fileRef = 0D1B30231E9E27D30014FB06 /* Chapter_1UITests.m */; };
		0D1B30331E9E27E20014FB06 /* WXMetalView.m in Sources */ = {isa = PBXBuildFile; fileRef = 0D1B30321E9E27E20014FB06 /* WXMetalView.m */; };
/* End PBXBuildFile section */

/* Begin PBXContainerItemProxy section */
		0D1B30151E9E27D30014FB06 /* PBXContainerItemProxy */ = {
			isa = PBXContainerItemProxy;
			containerPortal = 0D1B2FF31E9E27D30014FB06 /* Project object */;
			proxyType = 1;
			remoteGlobalIDString = 0D1B2FFA1E9E27D30014FB06;
			remoteInfo = "Chapter 1";
		};
		0D1B30201E9E27D30014FB06 /* PBXContainerItemProxy */ = {
			isa = PBXContainerItemProxy;
			containerPortal = 0D1B2FF31E9E27D30014FB06 /* Project object */;
			proxyType = 1;
			remoteGlobalIDString = 0D1B2FFA1E9E27D30014FB06;
			remoteInfo = "Chapter 1";
		};
/* End PBXContainerItemProxy section */

/* Begin PBXFileReference section */
		0D1B2FFB1E9E27D30014FB06 /* Chapter 1.app */ = {isa = PBXFileReference; explicitFileType = wrapper.application; includeInIndex = 0; path = "Chapter 1.app"; sourceTree = BUILT_PRODUCTS_DIR; };
		0D1B2FFF1E9E27D30014FB06 /* main.m */ = {isa = PBXFileReference; lastKnownFileType = sourcecode.c.objc; path = main.m; sourceTree = "<group>"; };
		0D1B30011E9E27D30014FB06 /* AppDelegate.h */ = {isa = PBXFileReference; lastKnownFileType = sourcecode.c.h; path = AppDelegate.h; sourceTree = "<group>"; };
		0D1B30021E9E27D30014FB06 /* AppDelegate.m */ = {isa = PBXFileReference; lastKnownFileType = sourcecode.c.objc; path = AppDelegate.m; sourceTree = "<group>"; };
		0D1B30041E9E27D30014FB06 /* ViewController.h */ = {isa = PBXFileReference; lastKnownFileType = sourcecode.c.h; path = ViewController.h; sourceTree = "<group>"; };
		0D1B30051E9E27D30014FB06 /* ViewController.m */ = {isa = PBXFileReference; lastKnownFileType = sourcecode.c.objc; path = ViewController.m; sourceTree = "<group>"; };
		0D1B30081E9E27D30014FB06 /* Base */ = {isa = PBXFileReference; lastKnownFileType = file.storyboard; name = Base; path = Base.lproj/Main.storyboard; sourceTree = "<group>"; };
		0D1B300A1E9E27D30014FB06 /* Assets.xcassets */ = {isa = PBXFileReference; lastKnownFileType = folder.assetcatalog; path = Assets.xcassets; sourceTree = "<group>"; };
		0D1B300D1E9E27D30014FB06 /* Base */ = {isa = PBXFileReference; lastKnownFileType = file.storyboard; name = Base; path = Base.lproj/LaunchScreen.storyboard; sourceTree = "<group>"; };
		0D1B300F1E9E27D30014FB06 /* Info.plist */ = {isa = PBXFileReference; lastKnownFileType = text.plist.xml; path = Info.plist; sourceTree = "<group>"; };
		0D1B30141E9E27D30014FB06 /* Chapter 1Tests.xctest */ = {isa = PBXFileReference; explicitFileType = wrapper.cfbundle; includeInIndex = 0; path = "Chapter 1Tests.xctest"; sourceTree = BUILT_PRODUCTS_DIR; };
		0D1B30181E9E27D30014FB06 /* Chapter_1Tests.m */ = {isa = PBXFileReference; lastKnownFileType = sourcecode.c.objc; path = Chapter_1Tests.m; sourceTree = "<group>"; };
		0D1B301A1E9E27D30014FB06 /* Info.plist */ = {isa = PBXFileReference; lastKnownFileType = text.plist.xml; path = Info.plist; sourceTree = "<group>"; };
		0D1B301F1E9E27D30014FB06 /* Chapter 1UITests.xctest */ = {isa = PBXFileReference; explicitFileType = wrapper.cfbundle; includeInIndex = 0; path = "Chapter 1UITests.xctest"; sourceTree = BUILT_PRODUCTS_DIR; };
		0D1B30231E9E27D30014FB06 /* Chapter_1UITests.m */ = {isa = PBXFileReference; lastKnownFileType = sourcecode.c.objc; path = Chapter_1UITests.m; sourceTree = "<group>"; };
		0D1B30251E9E27D30014FB06 /* Info.plist */ = {isa = PBXFileReference; lastKnownFileType = text.plist.xml; path = Info.plist; sourceTree = "<group>"; };
		0D1B30311E9E27E20014FB06 /* WXMetalView.h */ = {isa = PBXFileReference; fileEncoding = 4; lastKnownFileType = sourcecode.c.h; path = WXMetalView.h; sourceTree = "<group>"; };
		0D1B30321E9E27E20014FB06 /* WXMetalView.m */ = {isa = PBXFileReference; fileEncoding = 4; lastKnownFileType = sourcecode.c.objc; path = WXMetalView.m; sourceTree = "<group>"; };
/* End PBXFileReference section */

/* Begin PBXFrameworksBuildPhase section */
		0D1B2FF81E9E27D30014FB06 /* Frameworks */ = {
			isa = PBXFrameworksBuildPhase;
			buildActionMask = 2147483647;
			files = (
			);
			runOnlyForDeploymentPostprocessing = 0;
		};
		0D1B30111E9E27D30014FB06 /* Frameworks */ = {
			isa = PBXFrameworksBuildPhase;
			buildActionMask = 2147483647;
			files = (
			);
			runOnlyForDeploymentPostprocessing = 0;
		};
		0D1B301C1E9E27D30014FB06 /* Frameworks */ = {
			isa = PBXFrameworksBuildPhase;
			buildActionMask = 2147483647;
			files = (
			);
			runOnlyForDeploymentPostprocessing = 0;
		};
/* End PBXFrameworksBuildPhase section */

/* Begin PBXGroup section */
		0D1B2FF21E9E27D30014FB06 = {
			isa = PBXGroup;
			children = (
				0D1B2FFD1E9E27D30014FB06 /* Chapter 1 */,
				0D1B30171E9E27D30014FB06 /* Chapter 1Tests */,
				0D1B30221E9E27D30014FB06 /* Chapter 1UITests */,
				0D1B2FFC1E9E27D30014FB06 /* Products */,
			);
			sourceTree = "<group>";
		};
		0D1B2FFC1E9E27D30014FB06 /* Products */ = {
			isa = PBXGroup;
			children = (
				0D1B2FFB1E9E27D30014FB06 /* Chapter 1.app */,
				0D1B30141E9E27D30014FB06 /* Chapter 1Tests.xctest */,
				0D1B301F1E9E27D30014FB06 /* Chapter 1UITests.xctest */,
			);
			name = Products;
			sourceTree = "<group>";
		};
		0D1B2FFD1E9E27D30014FB06 /* Chapter 1 */ = {
			isa = PBXGroup;
			children = (
				0D1B30011E9E27D30014FB06 /* AppDelegate.h */,
				0D1B30021E9E27D30014FB06 /* AppDelegate.m */,
				0D1B30041E9E27D30014FB06 /* ViewController.h */,
				0D1B30051E9E27D30014FB06 /* ViewController.m */,
				0D1B30071E9E27D30014FB06 /* Main.storyboard */,
				0D1B300A1E9E27D30014FB06 /* Assets.xcassets */,
				0D1B300C1E9E27D30014FB06 /* LaunchScreen.storyboard */,
				0D1B300F1E9E27D30014FB06 /* Info.plist */,
				0D1B2FFE1E9E27D30014FB06 /* Supporting Files */,
				0D1B30311E9E27E20014FB06 /* WXMetalView.h */,
				0D1B30321E9E27E20014FB06 /* WXMetalView.m */,
			);
			path = "Chapter 1";
			sourceTree = "<group>";
		};
		0D1B2FFE1E9E27D30014FB06 /* Supporting Files */ = {
			isa = PBXGroup;
			children = (
				0D1B2FFF1E9E27D30014FB06 /* main.m */,
			);
			name = "Supporting Files";
			sourceTree = "<group>";
		};
		0D1B30171E9E27D30014FB06 /* Chapter 1Tests */ = {
			isa = PBXGroup;
			children = (
				0D1B30181E9E27D30014FB06 /* Chapter_1Tests.m */,
				0D1B301A1E9E27D30014FB06 /* Info.plist */,
			);
			path = "Chapter 1Tests";
			sourceTree = "<group>";
		};
		0D1B30221E9E27D30014FB06 /* Chapter 1UITests */ = {
			isa = PBXGroup;
			children = (
				0D1B30231E9E27D30014FB06 /* Chapter_1UITests.m */,
				0D1B30251E9E27D30014FB06 /* Info.plist */,
			);
			path = "Chapter 1UITests";
			sourceTree = "<group>";
		};
/* End PBXGroup section */

/* Begin PBXNativeTarget section */
		0D1B2FFA1E9E27D30014FB06 /* Chapter 1 */ = {
			isa = PBXNativeTarget;
			buildConfigurationList = 0D1B30281E9E27D30014FB06 /* Build configuration list for PBXNativeTarget "Chapter 1" */;
			buildPhases = (
				0D1B2FF71E9E27D30014FB06 /* Sources */,
				0D1B2FF81E9E27D30014FB06 /* Frameworks */,
				0D1B2FF91E9E27D30014FB06 /* Resources */,
			);
			buildRules = (
			);
			dependencies = (
			);
			name = "Chapter 1";
			productName = "Chapter 1";
			productReference = 0D1B2FFB1E9E27D30014FB06 /* Chapter 1.app */;
			productType = "com.apple.product-type.application";
		};
		0D1B30131E9E27D30014FB06 /* Chapter 1Tests */ = {
			isa = PBXNativeTarget;
			buildConfigurationList = 0D1B302B1E9E27D30014FB06 /* Build configuration list for PBXNativeTarget "Chapter 1Tests" */;
			buildPhases = (
				0D1B30101E9E27D30014FB06 /* Sources */,
				0D1B30111E9E27D30014FB06 /* Frameworks */,
				0D1B30121E9E27D30014FB06 /* Resources */,
			);
			buildRules = (
			);
			dependencies = (
				0D1B30161E9E27D30014FB06 /* PBXTargetDependency */,
			);
			name = "Chapter 1Tests";
			productName = "Chapter 1Tests";
			productReference = 0D1B30141E9E27D30014FB06 /* Chapter 1Tests.xctest */;
			productType = "com.apple.product-type.bundle.unit-test";
		};
		0D1B301E1E9E27D30014FB06 /* Chapter 1UITests */ = {
			isa = PBXNativeTarget;
			buildConfigurationList = 0D1B302E1E9E27D30014FB06 /* Build configuration list for PBXNativeTarget "Chapter 1UITests" */;
			buildPhases = (
				0D1B301B1E9E27D30014FB06 /* Sources */,
				0D1B301C1E9E27D30014FB06 /* Frameworks */,
				0D1B301D1E9E27D30014FB06 /* Resources */,
			);
			buildRules = (
			);
			dependencies = (
				0D1B30211E9E27D30014FB06 /* PBXTargetDependency */,
			);
			name = "Chapter 1UITests";
			productName = "Chapter 1UITests";
			productReference = 0D1B301F1E9E27D30014FB06 /* Chapter 1UITests.xctest */;
			productType = "com.apple.product-type.bundle.ui-testing";
		};
/* End PBXNativeTarget section */

/* Begin PBXProject section */
		0D1B2FF31E9E27D30014FB06 /* Project object */ = {
			isa = PBXProject;
			attributes = {
				LastUpgradeCheck = 0830;
				ORGANIZATIONNAME = williamxie;
				TargetAttributes = {
					0D1B2FFA1E9E27D30014FB06 = {
						CreatedOnToolsVersion = 8.3;
						DevelopmentTeam = 5NK9C68KNK;
						ProvisioningStyle = Automatic;
					};
					0D1B30131E9E27D30014FB06 = {
						CreatedOnToolsVersion = 8.3;
						DevelopmentTeam = 5NK9C68KNK;
						ProvisioningStyle = Automatic;
						TestTargetID = 0D1B2FFA1E9E27D30014FB06;
					};
					0D1B301E1E9E27D30014FB06 = {
						CreatedOnToolsVersion = 8.3;
						DevelopmentTeam = 5NK9C68KNK;
						ProvisioningStyle = Automatic;
						TestTargetID = 0D1B2FFA1E9E27D30014FB06;
					};
				};
			};
			buildConfigurationList = 0D1B2FF61E9E27D30014FB06 /* Build configuration list for PBXProject "Chapter 1" */;
			compatibilityVersion = "Xcode 3.2";
			developmentRegion = English;
			hasScannedForEncodings = 0;
			knownRegions = (
				en,
				Base,
			);
			mainGroup = 0D1B2FF21E9E27D30014FB06;
			productRefGroup = 0D1B2FFC1E9E27D30014FB06 /* Products */;
			projectDirPath = "";
			projectRoot = "";
			targets = (
				0D1B2FFA1E9E27D30014FB06 /* Chapter 1 */,
				0D1B30131E9E27D30014FB06 /* Chapter 1Tests */,
				0D1B301E1E9E27D30014FB06 /* Chapter 1UITests */,
			);
		};
/* End PBXProject section */

/* Begin PBXResourcesBuildPhase section */
		0D1B2FF91E9E27D30014FB06 /* Resources */ = {
			isa = PBXResourcesBuildPhase;
			buildActionMask = 2147483647;
			files = (
				0D1B300E1E9E27D30014FB06 /* LaunchScreen.storyboard in Resources */,
				0D1B300B1E9E27D30014FB06 /* Assets.xcassets in Resources */,
				0D1B30091E9E27D30014FB06 /* Main.storyboard in Resources */,
			);
			runOnlyForDeploymentPostprocessing = 0;
		};
		0D1B30121E9E27D30014FB06 /* Resources */ = {
			isa = PBXResourcesBuildPhase;
			buildActionMask = 2147483647;
			files = (
			);
			runOnlyForDeploymentPostprocessing = 0;
		};
		0D1B301D1E9E27D30014FB06 /* Resources */ = {
			isa = PBXResourcesBuildPhase;
			buildActionMask = 2147483647;
			files = (
			);
			runOnlyForDeploymentPostprocessing = 0;
		};
/* End PBXResourcesBuildPhase section */

/* Begin PBXSourcesBuildPhase section */
		0D1B2FF71E9E27D30014FB06 /* Sources */ = {
			isa = PBXSourcesBuildPhase;
			buildActionMask = 2147483647;
			files = (
				0D1B30061E9E27D30014FB06 /* ViewController.m in Sources */,
				0D1B30331E9E27E20014FB06 /* WXMetalView.m in Sources */,
				0D1B30031E9E27D30014FB06 /* AppDelegate.m in Sources */,
				0D1B30001E9E27D30014FB06 /* main.m in Sources */,
			);
			runOnlyForDeploymentPostprocessing = 0;
		};
		0D1B30101E9E27D30014FB06 /* Sources */ = {
			isa = PBXSourcesBuildPhase;
			buildActionMask = 2147483647;
			files = (
				0D1B30191E9E27D30014FB06 /* Chapter_1Tests.m in Sources */,
			);
			runOnlyForDeploymentPostprocessing = 0;
		};
		0D1B301B1E9E27D30014FB06 /* Sources */ = {
			isa = PBXSourcesBuildPhase;
			buildActionMask = 2147483647;
			files = (
				0D1B30241E9E27D30014FB06 /* Chapter_1UITests.m in Sources */,
			);
			runOnlyForDeploymentPostprocessing = 0;
		};
/* End PBXSourcesBuildPhase section */

/* Begin PBXTargetDependency section */
		0D1B30161E9E27D30014FB06 /* PBXTargetDependency */ = {
			isa = PBXTargetDependency;
			target = 0D1B2FFA1E9E27D30014FB06 /* Chapter 1 */;
			targetProxy = 0D1B30151E9E27D30014FB06 /* PBXContainerItemProxy */;
		};
		0D1B30211E9E27D30014FB06 /* PBXTargetDependency */ = {
			isa = PBXTargetDependency;
			target = 0D1B2FFA1E9E27D30014FB06 /* Chapter 1 */;
			targetProxy = 0D1B30201E9E27D30014FB06 /* PBXContainerItemProxy */;
		};
/* End PBXTargetDependency section */

/* Begin PBXVariantGroup section */
		0D1B30071E9E27D30014FB06 /* Main.storyboard */ = {
			isa = PBXVariantGroup;
			children = (
				0D1B30081E9E27D30014FB06 /* Base */,
			);
			name = Main.storyboard;
			sourceTree = "<group>";
		};
		0D1B300C1E9E27D30014FB06 /* LaunchScreen.storyboard */ = {
			isa = PBXVariantGroup;
			children = (
				0D1B300D1E9E27D30014FB06 /* Base */,
			);
			name = LaunchScreen.storyboard;
			sourceTree = "<group>";
		};
/* End PBXVariantGroup section */

/* Begin XCBuildConfiguration section */
		0D1B30261E9E27D30014FB06 /* Debug */ = {
			isa = XCBuildConfiguration;
			buildSettings = {
				ALWAYS_SEARCH_USER_PATHS = NO;
				CLANG_ANALYZER_NONNULL = YES;
				CLANG_ANALYZER_NUMBER_OBJECT_CONVERSION = YES_AGGRESSIVE;
				CLANG_CXX_LANGUAGE_STANDARD = "gnu++0x";
				CLANG_CXX_LIBRARY = "libc++";
				CLANG_ENABLE_MODULES = YES;
				CLANG_ENABLE_OBJC_ARC = YES;
				CLANG_WARN_BOOL_CONVERSION = YES;
				CLANG_WARN_CONSTANT_CONVERSION = YES;
				CLANG_WARN_DIRECT_OBJC_ISA_USAGE = YES_ERROR;
				CLANG_WARN_DOCUMENTATION_COMMENTS = YES;
				CLANG_WARN_EMPTY_BODY = YES;
				CLANG_WARN_ENUM_CONVERSION = YES;
				CLANG_WARN_INFINITE_RECURSION = YES;
				CLANG_WARN_INT_CONVERSION = YES;
				CLANG_WARN_OBJC_ROOT_CLASS = YES_ERROR;
				CLANG_WARN_SUSPICIOUS_MOVE = YES;
				CLANG_WARN_UNREACHABLE_CODE = YES;
				CLANG_WARN__DUPLICATE_METHOD_MATCH = YES;
				"CODE_SIGN_IDENTITY[sdk=iphoneos*]" = "iPhone Developer";
				COPY_PHASE_STRIP = NO;
				DEBUG_INFORMATION_FORMAT = dwarf;
				ENABLE_STRICT_OBJC_MSGSEND = YES;
				ENABLE_TESTABILITY = YES;
				GCC_C_LANGUAGE_STANDARD = gnu99;
				GCC_DYNAMIC_NO_PIC = NO;
				GCC_NO_COMMON_BLOCKS = YES;
				GCC_OPTIMIZATION_LEVEL = 0;
				GCC_PREPROCESSOR_DEFINITIONS = (
					"DEBUG=1",
					"$(inherited)",
				);
				GCC_WARN_64_TO_32_BIT_CONVERSION = YES;
				GCC_WARN_ABOUT_RETURN_TYPE = YES_ERROR;
				GCC_WARN_UNDECLARED_SELECTOR = YES;
				GCC_WARN_UNINITIALIZED_AUTOS = YES_AGGRESSIVE;
				GCC_WARN_UNUSED_FUNCTION = YES;
				GCC_WARN_UNUSED_VARIABLE = YES;
				IPHONEOS_DEPLOYMENT_TARGET = 10.3;
				MTL_ENABLE_DEBUG_INFO = YES;
				ONLY_ACTIVE_ARCH = YES;
				SDKROOT = iphoneos;
				TARGETED_DEVICE_FAMILY = "1,2";
			};
			name = Debug;
		};
		0D1B30271E9E27D30014FB06 /* Release */ = {
			isa = XCBuildConfiguration;
			buildSettings = {
				ALWAYS_SEARCH_USER_PATHS = NO;
				CLANG_ANALYZER_NONNULL = YES;
				CLANG_ANALYZER_NUMBER_OBJECT_CONVERSION = YES_AGGRESSIVE;
				CLANG_CXX_LANGUAGE_STANDARD = "gnu++0x";
				CLANG_CXX_LIBRARY = "libc++";
				CLANG_ENABLE_MODULES = YES;
				CLANG_ENABLE_OBJC_ARC = YES;
				CLANG_WARN_BOOL_CONVERSION = YES;
				CLANG_WARN_CONSTANT_CONVERSION = YES;
				CLANG_WARN_DIRECT_OBJC_ISA_USAGE = YES_ERROR;
				CLANG_WARN_DOCUMENTATION_COMMENTS = YES;
				CLANG_WARN_EMPTY_BODY = YES;
				CLANG_WARN_ENUM_CONVERSION = YES;
				CLANG_WARN_INFINITE_RECURSION = YES;
				CLANG_WARN_INT_CONVERSION = YES;
				CLANG_WARN_OBJC_ROOT_CLASS = YES_ERROR;
				CLANG_WARN_SUSPICIOUS_MOVE = YES;
				CLANG_WARN_UNREACHABLE_CODE = YES;
				CLANG_WARN__DUPLICATE_METHOD_MATCH = YES;
				"CODE_SIGN_IDENTITY[sdk=iphoneos*]" = "iPhone Developer";
				COPY_PHASE_STRIP = NO;
				DEBUG_INFORMATION_FORMAT = "dwarf-with-dsym";
				ENABLE_NS_ASSERTIONS = NO;
				ENABLE_STRICT_OBJC_MSGSEND = YES;
				GCC_C_LANGUAGE_STANDARD = gnu99;
				GCC_NO_COMMON_BLOCKS = YES;
				GCC_WARN_64_TO_32_BIT_CONVERSION = YES;
				GCC_WARN_ABOUT_RETURN_TYPE = YES_ERROR;
				GCC_WARN_UNDECLARED_SELECTOR = YES;
				GCC_WARN_UNINITIALIZED_AUTOS = YES_AGGRESSIVE;
				GCC_WARN_UNUSED_FUNCTION = YES;
				GCC_WARN_UNUSED_VARIABLE = YES;
				IPHONEOS_DEPLOYMENT_TARGET = 10.3;
				MTL_ENABLE_DEBUG_INFO = NO;
				SDKROOT = iphoneos;
				TARGETED_DEVICE_FAMILY = "1,2";
				VALIDATE_PRODUCT = YES;
			};
			name = Release;
		};
		0D1B30291E9E27D30014FB06 /* Debug */ = {
			isa = XCBuildConfiguration;
			buildSettings = {
				ASSETCATALOG_COMPILER_APPICON_NAME = AppIcon;
				DEVELOPMENT_TEAM = 5NK9C68KNK;
				INFOPLIST_FILE = "Chapter 1/Info.plist";
				LD_RUNPATH_SEARCH_PATHS = "$(inherited) @executable_path/Frameworks";
				PRODUCT_BUNDLE_IDENTIFIER = "com.konekti-ai.Chapter-1";
				PRODUCT_NAME = "$(TARGET_NAME)";
			};
			name = Debug;
		};
		0D1B302A1E9E27D30014FB06 /* Release */ = {
			isa = XCBuildConfiguration;
			buildSettings = {
				ASSETCATALOG_COMPILER_APPICON_NAME = AppIcon;
				DEVELOPMENT_TEAM = 5NK9C68KNK;
				INFOPLIST_FILE = "Chapter 1/Info.plist";
				LD_RUNPATH_SEARCH_PATHS = "$(inherited) @executable_path/Frameworks";
				PRODUCT_BUNDLE_IDENTIFIER = "com.konekti-ai.Chapter-1";
				PRODUCT_NAME = "$(TARGET_NAME)";
			};
			name = Release;
		};
		0D1B302C1E9E27D30014FB06 /* Debug */ = {
			isa = XCBuildConfiguration;
			buildSettings = {
				BUNDLE_LOADER = "$(TEST_HOST)";
				DEVELOPMENT_TEAM = 5NK9C68KNK;
				INFOPLIST_FILE = "Chapter 1Tests/Info.plist";
				LD_RUNPATH_SEARCH_PATHS = "$(inherited) @executable_path/Frameworks @loader_path/Frameworks";
				PRODUCT_BUNDLE_IDENTIFIER = "com.konekti-ai.Chapter-1Tests";
				PRODUCT_NAME = "$(TARGET_NAME)";
				TEST_HOST = "$(BUILT_PRODUCTS_DIR)/Chapter 1.app/Chapter 1";
			};
			name = Debug;
		};
		0D1B302D1E9E27D30014FB06 /* Release */ = {
			isa = XCBuildConfiguration;
			buildSettings = {
				BUNDLE_LOADER = "$(TEST_HOST)";
				DEVELOPMENT_TEAM = 5NK9C68KNK;
				INFOPLIST_FILE = "Chapter 1Tests/Info.plist";
				LD_RUNPATH_SEARCH_PATHS = "$(inherited) @executable_path/Frameworks @loader_path/Frameworks";
				PRODUCT_BUNDLE_IDENTIFIER = "com.konekti-ai.Chapter-1Tests";
				PRODUCT_NAME = "$(TARGET_NAME)";
				TEST_HOST = "$(BUILT_PRODUCTS_DIR)/Chapter 1.app/Chapter 1";
			};
			name = Release;
		};
		0D1B302F1E9E27D30014FB06 /* Debug */ = {
			isa = XCBuildConfiguration;
			buildSettings = {
				DEVELOPMENT_TEAM = 5NK9C68KNK;
				INFOPLIST_FILE = "Chapter 1UITests/Info.plist";
				LD_RUNPATH_SEARCH_PATHS = "$(inherited) @executable_path/Frameworks @loader_path/Frameworks";
				PRODUCT_BUNDLE_IDENTIFIER = "com.konekti-ai.Chapter-1UITests";
				PRODUCT_NAME = "$(TARGET_NAME)";
				TEST_TARGET_NAME = "Chapter 1";
			};
			name = Debug;
		};
		0D1B30301E9E27D30014FB06 /* Release */ = {
			isa = XCBuildConfiguration;
			buildSettings = {
				DEVELOPMENT_TEAM = 5NK9C68KNK;
				INFOPLIST_FILE = "Chapter 1UITests/Info.plist";
				LD_RUNPATH_SEARCH_PATHS = "$(inherited) @executable_path/Frameworks @loader_path/Frameworks";
				PRODUCT_BUNDLE_IDENTIFIER = "com.konekti-ai.Chapter-1UITests";
				PRODUCT_NAME = "$(TARGET_NAME)";
				TEST_TARGET_NAME = "Chapter 1";
			};
			name = Release;
		};
/* End XCBuildConfiguration section */

/* Begin XCConfigurationList section */
		0D1B2FF61E9E27D30014FB06 /* Build configuration list for PBXProject "Chapter 1" */ = {
			isa = XCConfigurationList;
			buildConfigurations = (
				0D1B30261E9E27D30014FB06 /* Debug */,
				0D1B30271E9E27D30014FB06 /* Release */,
			);
			defaultConfigurationIsVisible = 0;
			defaultConfigurationName = Release;
		};
		0D1B30281E9E27D30014FB06 /* Build configuration list for PBXNativeTarget "Chapter 1" */ = {
			isa = XCConfigurationList;
			buildConfigurations = (
				0D1B30291E9E27D30014FB06 /* Debug */,
				0D1B302A1E9E27D30014FB06 /* Release */,
			);
			defaultConfigurationIsVisible = 0;
		};
		0D1B302B1E9E27D30014FB06 /* Build configuration list for PBXNativeTarget "Chapter 1Tests" */ = {
			isa = XCConfigurationList;
			buildConfigurations = (
				0D1B302C1E9E27D30014FB06 /* Debug */,
				0D1B302D1E9E27D30014FB06 /* Release */,
			);
			defaultConfigurationIsVisible = 0;
		};
		0D1B302E1E9E27D30014FB06 /* Build configuration list for PBXNativeTarget "Chapter 1UITests" */ = {
			isa = XCConfigurationList;
			buildConfigurations = (
				0D1B302F1E9E27D30014FB06 /* Debug */,
				0D1B30301E9E27D30014FB06 /* Release */,
			);
			defaultConfigurationIsVisible = 0;
		};
/* End XCConfigurationList section */
	};
	rootObject = 0D1B2FF31E9E27D30014FB06 /* Project object */;
}
